
Microsoft Visual Studio Solution File, Format Version 12.00
# Visual Studio Version 17
VisualStudioVersion = 17.3.32929.385
MinimumVisualStudioVersion = 10.0.40219.1
Project("{FAE04EC0-301F-11D3-BF4B-00C04F79EFBC}") = "udemy 11.1", "udemy 11.1\udemy 11.1.csproj", "{B443D3DC-23E6-4679-B979-0DBE55198B9D}"
EndProject
Global
	GlobalSection(SolutionConfigurationPlatforms) = preSolution
		Debug|Any CPU = Debug|Any CPU
		Release|Any CPU = Release|Any CPU
	EndGlobalSection
	GlobalSection(ProjectConfigurationPlatforms) = postSolution
		{B443D3DC-23E6-4679-B979-0DBE55198B9D}.Debug|Any CPU.ActiveCfg = Debug|Any CPU
		{B443D3DC-23E6-4679-B979-0DBE55198B9D}.Debug|Any CPU.Build.0 = Debug|Any CPU
		{B443D3DC-23E6-4679-B979-0DBE55198B9D}.Release|Any CPU.ActiveCfg = Release|Any CPU
		{B443D3DC-23E6-4679-B979-0DBE55198B9D}.Release|Any CPU.Build.0 = Release|Any CPU
	EndGlobalSection
	GlobalSection(SolutionProperties) = preSolution
		HideSolutionNode = FALSE
	EndGlobalSection
	GlobalSection(ExtensibilityGlobals) = postSolution
		SolutionGuid = {D85589DA-9173-4BDD-A629-F57C68C7C8C6}
	EndGlobalSection
EndGlobal
